
Microsoft Visual Studio Solution File, Format Version 12.00
# Visual Studio Version 17
VisualStudioVersion = 17.7.34031.279
MinimumVisualStudioVersion = 10.0.40219.1
Project("{FAE04EC0-301F-11D3-BF4B-00C04F79EFBC}") = "WindowsFormsApp1", "WindowsFormsApp1\WindowsFormsApp1.csproj", "{2210B4FC-FA74-4AA2-88A7-8FBA6CBA22A0}"
EndProject
Project("{FAE04EC0-301F-11D3-BF4B-00C04F79EFBC}") = "Capa_Datos", "Capa_Datos\Capa_Datos.csproj", "{94F2C0E3-EE72-48D3-A817-9D72FCFC8458}"
EndProject
Project("{FAE04EC0-301F-11D3-BF4B-00C04F79EFBC}") = "Capa_Consultar", "Capa_Consultar\Capa_Consultar.csproj", "{80ED6FD2-5DF7-4B15-87F4-8C769079BD42}"
EndProject
Project("{FAE04EC0-301F-11D3-BF4B-00C04F79EFBC}") = "Capa_Resultados", "Capa_Resultados\Capa_Resultados.csproj", "{56036FFA-5C7E-4860-AD89-F5A835FD8EB7}"
EndProject
Global
	GlobalSection(SolutionConfigurationPlatforms) = preSolution
		Debug|Any CPU = Debug|Any CPU
		Release|Any CPU = Release|Any CPU
	EndGlobalSection
	GlobalSection(ProjectConfigurationPlatforms) = postSolution
		{2210B4FC-FA74-4AA2-88A7-8FBA6CBA22A0}.Debug|Any CPU.ActiveCfg = Debug|Any CPU
		{2210B4FC-FA74-4AA2-88A7-8FBA6CBA22A0}.Debug|Any CPU.Build.0 = Debug|Any CPU
		{2210B4FC-FA74-4AA2-88A7-8FBA6CBA22A0}.Release|Any CPU.ActiveCfg = Release|Any CPU
		{2210B4FC-FA74-4AA2-88A7-8FBA6CBA22A0}.Release|Any CPU.Build.0 = Release|Any CPU
		{94F2C0E3-EE72-48D3-A817-9D72FCFC8458}.Debug|Any CPU.ActiveCfg = Debug|Any CPU
		{94F2C0E3-EE72-48D3-A817-9D72FCFC8458}.Debug|Any CPU.Build.0 = Debug|Any CPU
		{94F2C0E3-EE72-48D3-A817-9D72FCFC8458}.Release|Any CPU.ActiveCfg = Release|Any CPU
		{94F2C0E3-EE72-48D3-A817-9D72FCFC8458}.Release|Any CPU.Build.0 = Release|Any CPU
		{80ED6FD2-5DF7-4B15-87F4-8C769079BD42}.Debug|Any CPU.ActiveCfg = Debug|Any CPU
		{80ED6FD2-5DF7-4B15-87F4-8C769079BD42}.Debug|Any CPU.Build.0 = Debug|Any CPU
		{80ED6FD2-5DF7-4B15-87F4-8C769079BD42}.Release|Any CPU.ActiveCfg = Release|Any CPU
		{80ED6FD2-5DF7-4B15-87F4-8C769079BD42}.Release|Any CPU.Build.0 = Release|Any CPU
		{56036FFA-5C7E-4860-AD89-F5A835FD8EB7}.Debug|Any CPU.ActiveCfg = Debug|Any CPU
		{56036FFA-5C7E-4860-AD89-F5A835FD8EB7}.Debug|Any CPU.Build.0 = Debug|Any CPU
		{56036FFA-5C7E-4860-AD89-F5A835FD8EB7}.Release|Any CPU.ActiveCfg = Release|Any CPU
		{56036FFA-5C7E-4860-AD89-F5A835FD8EB7}.Release|Any CPU.Build.0 = Release|Any CPU
	EndGlobalSection
	GlobalSection(SolutionProperties) = preSolution
		HideSolutionNode = FALSE
	EndGlobalSection
	GlobalSection(ExtensibilityGlobals) = postSolution
		SolutionGuid = {09A2907D-32CC-4E27-95A2-3219CED7575D}
	EndGlobalSection
EndGlobal
